
Microsoft Visual Studio Solution File, Format Version 12.00
# Visual Studio Version 17
VisualStudioVersion = 17.0.32112.339
MinimumVisualStudioVersion = 10.0.40219.1
Project("{9A19103F-16F7-4668-BE54-9A1E7A4F7556}") = "Tiger", "Tiger\Tiger.csproj", "{33040C46-022F-43E5-981F-03BD68C1587D}"
EndProject
Project("{FAE04EC0-301F-11D3-BF4B-00C04F79EFBC}") = "Resourcer", "Resourcer\Resourcer.csproj", "{B4A072B0-25F7-4203-B8FD-A29952DD1277}"
EndProject
Project("{FAE04EC0-301F-11D3-BF4B-00C04F79EFBC}") = "Tomograph", "Tomograph\Tomograph.csproj", "{A97F0D38-DB66-4EB1-B400-4C1B67BDD179}"
EndProject
Project("{FAE04EC0-301F-11D3-BF4B-00C04F79EFBC}") = "TomographData", "TomographData\TomographData.csproj", "{86698BD9-3B65-41E3-BBDB-9BCE52D9EF41}"
EndProject
Project("{FAE04EC0-301F-11D3-BF4B-00C04F79EFBC}") = "Arithmic", "Arithmic\Arithmic.csproj", "{F7EE1308-38FF-4803-82DD-F2CC7EED58BE}"
EndProject
Project("{FAE04EC0-301F-11D3-BF4B-00C04F79EFBC}") = "Schema", "Schema\Schema.csproj", "{61AC1676-FF29-44BC-922C-5AD0CCE87DDA}"
EndProject
Project("{FAE04EC0-301F-11D3-BF4B-00C04F79EFBC}") = "Interop", "Interop\Interop.csproj", "{84D52BF5-9E33-4285-AAED-C7C7BCCB09A2}"
EndProject
Project("{FAE04EC0-301F-11D3-BF4B-00C04F79EFBC}") = "Charm", "Charm\Charm.csproj", "{DEF8D711-F6F5-4718-BB1B-AC624DB582AB}"
EndProject
Project("{FAE04EC0-301F-11D3-BF4B-00C04F79EFBC}") = "RevorbStd", "ThirdParty\revorbstd\RevorbStd.csproj", "{C407B28F-077C-41C2-8C16-277CB9681E92}"
EndProject
Global
	GlobalSection(SolutionConfigurationPlatforms) = preSolution
		Debug|x64 = Debug|x64
		Release|x64 = Release|x64
	EndGlobalSection
	GlobalSection(ProjectConfigurationPlatforms) = postSolution
		{33040C46-022F-43E5-981F-03BD68C1587D}.Debug|x64.ActiveCfg = Debug|x64
		{33040C46-022F-43E5-981F-03BD68C1587D}.Debug|x64.Build.0 = Debug|x64
		{33040C46-022F-43E5-981F-03BD68C1587D}.Release|x64.ActiveCfg = Release|x64
		{33040C46-022F-43E5-981F-03BD68C1587D}.Release|x64.Build.0 = Release|x64
		{C3130ECE-02D9-4BE6-9883-75351822E7DE}.Debug|x64.ActiveCfg = Debug|Any CPU
		{C3130ECE-02D9-4BE6-9883-75351822E7DE}.Debug|x64.Build.0 = Debug|Any CPU
		{C3130ECE-02D9-4BE6-9883-75351822E7DE}.Release|x64.ActiveCfg = Release|Any CPU
		{C3130ECE-02D9-4BE6-9883-75351822E7DE}.Release|x64.Build.0 = Release|Any CPU
		{B4A072B0-25F7-4203-B8FD-A29952DD1277}.Debug|x64.ActiveCfg = Debug|Any CPU
		{B4A072B0-25F7-4203-B8FD-A29952DD1277}.Debug|x64.Build.0 = Debug|Any CPU
		{B4A072B0-25F7-4203-B8FD-A29952DD1277}.Release|x64.ActiveCfg = Release|Any CPU
		{B4A072B0-25F7-4203-B8FD-A29952DD1277}.Release|x64.Build.0 = Release|Any CPU
		{A97F0D38-DB66-4EB1-B400-4C1B67BDD179}.Debug|x64.ActiveCfg = Debug|Any CPU
		{A97F0D38-DB66-4EB1-B400-4C1B67BDD179}.Debug|x64.Build.0 = Debug|Any CPU
		{A97F0D38-DB66-4EB1-B400-4C1B67BDD179}.Release|x64.ActiveCfg = Release|Any CPU
		{A97F0D38-DB66-4EB1-B400-4C1B67BDD179}.Release|x64.Build.0 = Release|Any CPU
		{95F6D0DC-FD39-44C3-A915-EEDF6A93F349}.Debug|x64.ActiveCfg = Debug|Any CPU
		{95F6D0DC-FD39-44C3-A915-EEDF6A93F349}.Debug|x64.Build.0 = Debug|Any CPU
		{95F6D0DC-FD39-44C3-A915-EEDF6A93F349}.Release|x64.ActiveCfg = Release|Any CPU
		{95F6D0DC-FD39-44C3-A915-EEDF6A93F349}.Release|x64.Build.0 = Release|Any CPU
		{86698BD9-3B65-41E3-BBDB-9BCE52D9EF41}.Debug|x64.ActiveCfg = Debug|Any CPU
		{86698BD9-3B65-41E3-BBDB-9BCE52D9EF41}.Debug|x64.Build.0 = Debug|Any CPU
		{86698BD9-3B65-41E3-BBDB-9BCE52D9EF41}.Release|x64.ActiveCfg = Release|Any CPU
		{86698BD9-3B65-41E3-BBDB-9BCE52D9EF41}.Release|x64.Build.0 = Release|Any CPU
		{F7EE1308-38FF-4803-82DD-F2CC7EED58BE}.Debug|x64.ActiveCfg = Debug|Any CPU
		{F7EE1308-38FF-4803-82DD-F2CC7EED58BE}.Debug|x64.Build.0 = Debug|Any CPU
		{F7EE1308-38FF-4803-82DD-F2CC7EED58BE}.Release|x64.ActiveCfg = Release|Any CPU
		{F7EE1308-38FF-4803-82DD-F2CC7EED58BE}.Release|x64.Build.0 = Release|Any CPU
		{61AC1676-FF29-44BC-922C-5AD0CCE87DDA}.Debug|x64.ActiveCfg = Debug|Any CPU
		{61AC1676-FF29-44BC-922C-5AD0CCE87DDA}.Debug|x64.Build.0 = Debug|Any CPU
		{61AC1676-FF29-44BC-922C-5AD0CCE87DDA}.Release|x64.ActiveCfg = Release|Any CPU
		{61AC1676-FF29-44BC-922C-5AD0CCE87DDA}.Release|x64.Build.0 = Release|Any CPU
		{84D52BF5-9E33-4285-AAED-C7C7BCCB09A2}.Debug|x64.ActiveCfg = Debug|Any CPU
		{84D52BF5-9E33-4285-AAED-C7C7BCCB09A2}.Debug|x64.Build.0 = Debug|Any CPU
		{84D52BF5-9E33-4285-AAED-C7C7BCCB09A2}.Release|x64.ActiveCfg = Release|Any CPU
		{84D52BF5-9E33-4285-AAED-C7C7BCCB09A2}.Release|x64.Build.0 = Release|Any CPU
		{DEF8D711-F6F5-4718-BB1B-AC624DB582AB}.Debug|x64.ActiveCfg = Debug|Any CPU
		{DEF8D711-F6F5-4718-BB1B-AC624DB582AB}.Debug|x64.Build.0 = Debug|Any CPU
		{DEF8D711-F6F5-4718-BB1B-AC624DB582AB}.Release|x64.ActiveCfg = Release|Any CPU
		{DEF8D711-F6F5-4718-BB1B-AC624DB582AB}.Release|x64.Build.0 = Release|Any CPU
		{4E258FCB-EB82-4A4A-8483-3E10709FB7FF}.Debug|x64.ActiveCfg = Debug|Any CPU
		{4E258FCB-EB82-4A4A-8483-3E10709FB7FF}.Debug|x64.Build.0 = Debug|Any CPU
		{4E258FCB-EB82-4A4A-8483-3E10709FB7FF}.Release|x64.ActiveCfg = Release|Any CPU
		{4E258FCB-EB82-4A4A-8483-3E10709FB7FF}.Release|x64.Build.0 = Release|Any CPU
		{C407B28F-077C-41C2-8C16-277CB9681E92}.Debug|x64.ActiveCfg = Debug|Any CPU
		{C407B28F-077C-41C2-8C16-277CB9681E92}.Debug|x64.Build.0 = Debug|Any CPU
		{C407B28F-077C-41C2-8C16-277CB9681E92}.Release|x64.ActiveCfg = Release|Any CPU
		{C407B28F-077C-41C2-8C16-277CB9681E92}.Release|x64.Build.0 = Release|Any CPU
		{C7351B8C-6334-447F-8B19-C57FB9B6406A}.Debug|x64.ActiveCfg = Debug|Any CPU
		{C7351B8C-6334-447F-8B19-C57FB9B6406A}.Debug|x64.Build.0 = Debug|Any CPU
		{C7351B8C-6334-447F-8B19-C57FB9B6406A}.Release|x64.ActiveCfg = Release|Any CPU
		{C7351B8C-6334-447F-8B19-C57FB9B6406A}.Release|x64.Build.0 = Release|Any CPU
	EndGlobalSection
	GlobalSection(SolutionProperties) = preSolution
		HideSolutionNode = FALSE
	EndGlobalSection
	GlobalSection(ExtensibilityGlobals) = postSolution
		SolutionGuid = {4ADE517B-8670-4353-8192-C58CCFD7753C}
	EndGlobalSection
EndGlobal
